
Microsoft Visual Studio Solution File, Format Version 12.00
# Visual Studio Version 16
VisualStudioVersion = 16.0.31410.357
MinimumVisualStudioVersion = 10.0.40219.1
Project("{9A19103F-16F7-4668-BE54-9A1E7A4F7556}") = "CSharpDataStructures.Test", "CSharpDataStructures.Test\CSharpDataStructures.Test.csproj", "{7A66C335-605C-4193-A496-4059DE225325}"
EndProject
Project("{9A19103F-16F7-4668-BE54-9A1E7A4F7556}") = "CSharpDataStructures", "CSharpDataStructures\CSharpDataStructures.csproj", "{1881E1E5-1AAB-4063-B966-5B6C95271C52}"
EndProject
Global
	GlobalSection(SolutionConfigurationPlatforms) = preSolution
		Debug|Any CPU = Debug|Any CPU
		Release|Any CPU = Release|Any CPU
	EndGlobalSection
	GlobalSection(ProjectConfigurationPlatforms) = postSolution
		{7A66C335-605C-4193-A496-4059DE225325}.Debug|Any CPU.ActiveCfg = Debug|Any CPU
		{7A66C335-605C-4193-A496-4059DE225325}.Debug|Any CPU.Build.0 = Debug|Any CPU
		{7A66C335-605C-4193-A496-4059DE225325}.Release|Any CPU.ActiveCfg = Release|Any CPU
		{7A66C335-605C-4193-A496-4059DE225325}.Release|Any CPU.Build.0 = Release|Any CPU
		{1881E1E5-1AAB-4063-B966-5B6C95271C52}.Debug|Any CPU.ActiveCfg = Debug|Any CPU
		{1881E1E5-1AAB-4063-B966-5B6C95271C52}.Debug|Any CPU.Build.0 = Debug|Any CPU
		{1881E1E5-1AAB-4063-B966-5B6C95271C52}.Release|Any CPU.ActiveCfg = Release|Any CPU
		{1881E1E5-1AAB-4063-B966-5B6C95271C52}.Release|Any CPU.Build.0 = Release|Any CPU
	EndGlobalSection
	GlobalSection(SolutionProperties) = preSolution
		HideSolutionNode = FALSE
	EndGlobalSection
	GlobalSection(ExtensibilityGlobals) = postSolution
		SolutionGuid = {56CA728E-175B-4BBA-A8F8-1A33006BFC3C}
	EndGlobalSection
EndGlobal
